
Microsoft Visual Studio Solution File, Format Version 12.00
# Visual Studio Version 16
VisualStudioVersion = 16.0.30128.74
MinimumVisualStudioVersion = 15.0.26124.0
Project("{9A19103F-16F7-4668-BE54-9A1E7A4F7556}") = "UmbracoNetCoreDockerExample.Web", "src\UmbracoNetCoreDockerExample.Web\UmbracoNetCoreDockerExample.Web.csproj", "{4F19CDD1-A02E-4B6D-AA7C-C0661CC35AA7}"
EndProject
Project("{FAE04EC0-301F-11D3-BF4B-00C04F79EFBC}") = "UmbracoNetCoreDockerExample.Core", "src\UmbracoNetCoreDockerExample.Core\UmbracoNetCoreDockerExample.Core.csproj", "{782C7B02-7227-47ED-99E1-1EB923220136}"
EndProject
Global
	GlobalSection(SolutionConfigurationPlatforms) = preSolution
		Debug|Any CPU = Debug|Any CPU
		Debug|x64 = Debug|x64
		Debug|x86 = Debug|x86
		Release|Any CPU = Release|Any CPU
		Release|x64 = Release|x64
		Release|x86 = Release|x86
	EndGlobalSection
	GlobalSection(ProjectConfigurationPlatforms) = postSolution
		{4F19CDD1-A02E-4B6D-AA7C-C0661CC35AA7}.Debug|Any CPU.ActiveCfg = Debug|Any CPU
		{4F19CDD1-A02E-4B6D-AA7C-C0661CC35AA7}.Debug|Any CPU.Build.0 = Debug|Any CPU
		{4F19CDD1-A02E-4B6D-AA7C-C0661CC35AA7}.Debug|x64.ActiveCfg = Debug|Any CPU
		{4F19CDD1-A02E-4B6D-AA7C-C0661CC35AA7}.Debug|x64.Build.0 = Debug|Any CPU
		{4F19CDD1-A02E-4B6D-AA7C-C0661CC35AA7}.Debug|x86.ActiveCfg = Debug|Any CPU
		{4F19CDD1-A02E-4B6D-AA7C-C0661CC35AA7}.Debug|x86.Build.0 = Debug|Any CPU
		{4F19CDD1-A02E-4B6D-AA7C-C0661CC35AA7}.Release|Any CPU.ActiveCfg = Release|Any CPU
		{4F19CDD1-A02E-4B6D-AA7C-C0661CC35AA7}.Release|Any CPU.Build.0 = Release|Any CPU
		{4F19CDD1-A02E-4B6D-AA7C-C0661CC35AA7}.Release|x64.ActiveCfg = Release|Any CPU
		{4F19CDD1-A02E-4B6D-AA7C-C0661CC35AA7}.Release|x64.Build.0 = Release|Any CPU
		{4F19CDD1-A02E-4B6D-AA7C-C0661CC35AA7}.Release|x86.ActiveCfg = Release|Any CPU
		{4F19CDD1-A02E-4B6D-AA7C-C0661CC35AA7}.Release|x86.Build.0 = Release|Any CPU
		{782C7B02-7227-47ED-99E1-1EB923220136}.Debug|Any CPU.ActiveCfg = Debug|Any CPU
		{782C7B02-7227-47ED-99E1-1EB923220136}.Debug|Any CPU.Build.0 = Debug|Any CPU
		{782C7B02-7227-47ED-99E1-1EB923220136}.Debug|x64.ActiveCfg = Debug|Any CPU
		{782C7B02-7227-47ED-99E1-1EB923220136}.Debug|x64.Build.0 = Debug|Any CPU
		{782C7B02-7227-47ED-99E1-1EB923220136}.Debug|x86.ActiveCfg = Debug|Any CPU
		{782C7B02-7227-47ED-99E1-1EB923220136}.Debug|x86.Build.0 = Debug|Any CPU
		{782C7B02-7227-47ED-99E1-1EB923220136}.Release|Any CPU.ActiveCfg = Release|Any CPU
		{782C7B02-7227-47ED-99E1-1EB923220136}.Release|Any CPU.Build.0 = Release|Any CPU
		{782C7B02-7227-47ED-99E1-1EB923220136}.Release|x64.ActiveCfg = Release|Any CPU
		{782C7B02-7227-47ED-99E1-1EB923220136}.Release|x64.Build.0 = Release|Any CPU
		{782C7B02-7227-47ED-99E1-1EB923220136}.Release|x86.ActiveCfg = Release|Any CPU
		{782C7B02-7227-47ED-99E1-1EB923220136}.Release|x86.Build.0 = Release|Any CPU
	EndGlobalSection
	GlobalSection(SolutionProperties) = preSolution
		HideSolutionNode = FALSE
	EndGlobalSection
	GlobalSection(ExtensibilityGlobals) = postSolution
		SolutionGuid = {A7CA989D-0D9A-49E6-91B6-2CD44BECB240}
	EndGlobalSection
EndGlobal
